<?xml version="1.0" encoding="utf-8"?>
<Project ToolsVersion="4.0" xmlns="http://schemas.microsoft.com/developer/msbuild/2003">
  <ItemGroup>
    <Filter Include="Source Files">
      <UniqueIdentifier>{4FC737F1-C7A5-4376-A066-2A32D752A2FF}</UniqueIdentifier>
      <Extensions>cpp;c;cc;cxx;c++;cppm;ixx;def;odl;idl;hpj;bat;asm;asmx</Extensions>
    </Filter>
    <Filter Include="Header Files">
      <UniqueIdentifier>{93995380-89BD-4b04-88EB-625FBE52EBFB}</UniqueIdentifier>
      <Extensions>h;hh;hpp;hxx;h++;hm;inl;inc;ipp;xsd</Extensions>
    </Filter>
    <Filter Include="Resource Files">
      <UniqueIdentifier>{67DA6AB6-F800-4c08-8B7A-83BB121AAD01}</UniqueIdentifier>
      <Extensions>rc;ico;cur;bmp;dlg;rc2;rct;bin;rgs;gif;jpg;jpeg;jpe;resx;tiff;tif;png;wav;mfcribbon-ms</Extensions>
    </Filter>
    <Filter Include="Header Files\DSEngine">
      <UniqueIdentifier>{94a085c7-06a4-4c1c-8ca0-14e644c3ef26}</UniqueIdentifier>
    </Filter>
    <Filter Include="Source Files\DSEngine">
      <UniqueIdentifier>{2e3a49f4-3c7c-42c1-a68c-78cb12df0e67}</UniqueIdentifier>
    </Filter>
    <Filter Include="Source Files\DSEngine\VK">
      <UniqueIdentifier>{9115523e-f875-4d51-a74c-9d7133fb4e17}</UniqueIdentifier>
    </Filter>
    <Filter Include="Header Files\DSEngine\VK">
      <UniqueIdentifier>{908edd0f-c501-4fba-ae88-6002dff71cf8}</UniqueIdentifier>
    </Filter>
  </ItemGroup>
  <ItemGroup>
    <ClCompile Include="Main.cpp">
      <Filter>Source Files</Filter>
    </ClCompile>
    <ClCompile Include="DSEngine.cpp">
      <Filter>Source Files\DSEngine</Filter>
    </ClCompile>
    <ClCompile Include="VKFactory.h">
      <Filter>Header Files\DSEngine\VK</Filter>
    </ClCompile>
    <ClCompile Include="VKFactory.cpp">
      <Filter>Source Files\DSEngine\VK</Filter>
    </ClCompile>
  </ItemGroup>
  <ItemGroup>
    <ClInclude Include="DSEngine.h">
      <Filter>Header Files\DSEngine</Filter>
    </ClInclude>
  </ItemGroup>
</Project>