<?xml version="1.0" encoding="utf-8"?>
<Project ToolsVersion="Current" xmlns="http://schemas.microsoft.com/developer/msbuild/2003">
  <ItemGroup>
    <ClCompile Include="Main.cpp">
      <Filter>Source Files</Filter>
    </ClCompile>
    <ClCompile Include="DSEngine.cpp">
      <Filter>Source Files</Filter>
    </ClCompile>
    <ClCompile Include="VulkanHooks.cpp">
      <Filter>Source Files</Filter>
    </ClCompile>
    <ClCompile Include="VulkanDebugHooks.cpp">
      <Filter>Source Files</Filter>
    </ClCompile>
    <ClCompile Include="ModelFactory.cpp">
      <Filter>Source Files</Filter>
    </ClCompile>
    <ClCompile Include="DSSimpleModel.cpp">
      <Filter>Source Files\Models</Filter>
    </ClCompile>
    <ClCompile Include="DSModel.cpp">
      <Filter>Source Files\Models</Filter>
    </ClCompile>
    <ClCompile Include="DSModelImproved.cpp">
      <Filter>Source Files\Models</Filter>
    </ClCompile>
    <ClCompile Include="Camera.cpp">
      <Filter>Source Files\Models</Filter>
    </ClCompile>
  </ItemGroup>
  <ItemGroup>
    <Filter Include="Source Files">
      <UniqueIdentifier>{205a2e5e-ef60-40e5-90b0-dc6616991292}</UniqueIdentifier>
    </Filter>
    <Filter Include="Header Files">
      <UniqueIdentifier>{c21cf616-986f-4268-a800-af1e65a50ce5}</UniqueIdentifier>
    </Filter>
    <Filter Include="Resource Files">
      <UniqueIdentifier>{be65b45a-df17-49f2-b61a-d39c9e5578ea}</UniqueIdentifier>
    </Filter>
    <Filter Include="Resource Files\Shaders">
      <UniqueIdentifier>{d77c5317-f585-4691-8f70-a4daa07ba156}</UniqueIdentifier>
    </Filter>
    <Filter Include="Source Files\Models">
      <UniqueIdentifier>{d86d8dd6-a50a-488f-ac4a-d30ed9415b3f}</UniqueIdentifier>
    </Filter>
    <Filter Include="Header Files\Models">
      <UniqueIdentifier>{0e0eb392-20f6-461a-90b6-748f70f8751d}</UniqueIdentifier>
    </Filter>
  </ItemGroup>
  <ItemGroup>
    <ClInclude Include="DSEngine.h">
      <Filter>Header Files</Filter>
    </ClInclude>
    <ClInclude Include="VulkanHooks.h">
      <Filter>Header Files</Filter>
    </ClInclude>
    <ClInclude Include="VulkanDebugHooks.h">
      <Filter>Header Files</Filter>
    </ClInclude>
    <ClInclude Include="ModelFactory.h">
      <Filter>Header Files</Filter>
    </ClInclude>
    <ClInclude Include="DSModel.h">
      <Filter>Header Files\Models</Filter>
    </ClInclude>
    <ClInclude Include="DSModelImproved.h">
      <Filter>Header Files\Models</Filter>
    </ClInclude>
    <ClInclude Include="DSSimpleModel.h">
      <Filter>Header Files\Models</Filter>
    </ClInclude>
    <ClInclude Include="Camera.h">
      <Filter>Header Files\Models</Filter>
    </ClInclude>
  </ItemGroup>
  <ItemGroup>
    <None Include="frag.spv">
      <Filter>Resource Files\Shaders</Filter>
    </None>
    <None Include="vert.spv">
      <Filter>Resource Files\Shaders</Filter>
    </None>
  </ItemGroup>
</Project>